<?xml version="1.0" encoding="utf-8"?>
<Project ToolsVersion="4.0" xmlns="http://schemas.microsoft.com/developer/msbuild/2003">
  <ItemGroup>
    <Filter Include="Header Files">
      <UniqueIdentifier>{4F546B83-0F5A-4DE1-A21A-C06F56D3D3E8}</UniqueIdentifier>
    </Filter>
    <Filter Include="Source Files">
      <UniqueIdentifier>{C9B3F7F6-3265-4068-B560-7E713D1B07F7}</UniqueIdentifier>
    </Filter>
    <Filter Include="Resource Files">
      <UniqueIdentifier>{18B88C69-4906-42A4-8C7C-D58262B5E9F9}</UniqueIdentifier>
    </Filter>
  </ItemGroup>
  <ItemGroup>
    <ClCompile Include="src\Bitboards.cpp">
      <Filter>Source Files</Filter>
    </ClCompile>
    <ClCompile Include="src\Board.cpp">
      <Filter>Source Files</Filter>
    </ClCompile>
    <ClCompile Include="src\Engine.cpp">
      <Filter>Source Files</Filter>
    </ClCompile>
    <ClCompile Include="src\EngineFacade.cpp">
      <Filter>Source Files</Filter>
    </ClCompile>
    <ClCompile Include="src\MoveGenerator.cpp">
      <Filter>Source Files</Filter>
    </ClCompile>
    <ClCompile Include="src\Polyglot.cpp">
      <Filter>Source Files</Filter>
    </ClCompile>
    <ClCompile Include="src\Profiler.cpp">
      <Filter>Source Files</Filter>
    </ClCompile>
    <ClCompile Include="src\Syzygy.cpp">
      <Filter>Source Files</Filter>
    </ClCompile>
    <ClCompile Include="src\tbprobe.cpp">
      <Filter>Source Files</Filter>
    </ClCompile>
    <ClCompile Include="src\ZobristHashing.cpp">
      <Filter>Source Files</Filter>
    </ClCompile>
  </ItemGroup>
  <ItemGroup>
    <ClInclude Include="include\ChessEngine\Bitboard.h">
      <Filter>Header Files</Filter>
    </ClInclude>
    <ClInclude Include="include\ChessEngine\Board.h">
      <Filter>Header Files</Filter>
    </ClInclude>
    <ClInclude Include="include\ChessEngine\ChessApi.h">
      <Filter>Header Files</Filter>
    </ClInclude>
    <ClInclude Include="include\ChessEngine\Engine.h">
      <Filter>Header Files</Filter>
    </ClInclude>
    <ClInclude Include="include\ChessEngine\EngineFacade.h">
      <Filter>Header Files</Filter>
    </ClInclude>
    <ClInclude Include="include\ChessEngine\Move.h">
      <Filter>Header Files</Filter>
    </ClInclude>
    <ClInclude Include="include\ChessEngine\MoveGenerator.h">
      <Filter>Header Files</Filter>
    </ClInclude>
    <ClInclude Include="include\ChessEngine\Polyglot.h">
      <Filter>Header Files</Filter>
    </ClInclude>
    <ClInclude Include="include\ChessEngine\Profiler.h">
      <Filter>Header Files</Filter>
    </ClInclude>
    <ClInclude Include="include\ChessEngine\SearchLimits.h">
      <Filter>Header Files</Filter>
    </ClInclude>
    <ClInclude Include="include\ChessEngine\SearchResult.h">
      <Filter>Header Files</Filter>
    </ClInclude>
    <ClInclude Include="include\ChessEngine\stdendian.h">
      <Filter>Header Files</Filter>
    </ClInclude>
    <ClInclude Include="include\ChessEngine\Syzygy.h">
      <Filter>Header Files</Filter>
    </ClInclude>
    <ClInclude Include="include\ChessEngine\tbconfig.h">
      <Filter>Header Files</Filter>
    </ClInclude>
    <ClInclude Include="include\ChessEngine\tbprobe.h">
      <Filter>Header Files</Filter>
    </ClInclude>
    <ClInclude Include="include\ChessEngine\ZobristHashing.h">
      <Filter>Header Files</Filter>
    </ClInclude>
  </ItemGroup>
  <ItemGroup>
    <None Include="src\polyglot_random.cpp">
      <Filter>Source Files</Filter>
    </None>
    <None Include="src\tbchess.c">
      <Filter>Source Files</Filter>
    </None>
  </ItemGroup>
</Project>
